
Microsoft Visual Studio Solution File, Format Version 12.00
# Visual Studio Version 17
VisualStudioVersion = 17.9.34616.47
MinimumVisualStudioVersion = 10.0.40219.1
Project("{FAE04EC0-301F-11D3-BF4B-00C04F79EFBC}") = "LealtadAPI", "LealtadAPI\LealtadAPI.csproj", "{014083C3-D88C-4A2F-8DB2-1A8338EE14C1}"
EndProject
Project("{FAE04EC0-301F-11D3-BF4B-00C04F79EFBC}") = "Repository", "Repository\Repository.csproj", "{8EB10D76-EB77-4D81-8D4F-C9D08A91DD5A}"
EndProject
Project("{FAE04EC0-301F-11D3-BF4B-00C04F79EFBC}") = "Service", "Service\Service.csproj", "{1E768B5F-4A80-4AB6-8280-BEFFB10411E2}"
EndProject
Project("{FAE04EC0-301F-11D3-BF4B-00C04F79EFBC}") = "Domain", "Domain\Domain.csproj", "{06FB347C-3549-480A-891C-8975FA2244F5}"
EndProject
Global
	GlobalSection(SolutionConfigurationPlatforms) = preSolution
		Debug|Any CPU = Debug|Any CPU
		Release|Any CPU = Release|Any CPU
	EndGlobalSection
	GlobalSection(ProjectConfigurationPlatforms) = postSolution
		{014083C3-D88C-4A2F-8DB2-1A8338EE14C1}.Debug|Any CPU.ActiveCfg = Debug|Any CPU
		{014083C3-D88C-4A2F-8DB2-1A8338EE14C1}.Debug|Any CPU.Build.0 = Debug|Any CPU
		{014083C3-D88C-4A2F-8DB2-1A8338EE14C1}.Release|Any CPU.ActiveCfg = Release|Any CPU
		{014083C3-D88C-4A2F-8DB2-1A8338EE14C1}.Release|Any CPU.Build.0 = Release|Any CPU
		{8EB10D76-EB77-4D81-8D4F-C9D08A91DD5A}.Debug|Any CPU.ActiveCfg = Debug|Any CPU
		{8EB10D76-EB77-4D81-8D4F-C9D08A91DD5A}.Debug|Any CPU.Build.0 = Debug|Any CPU
		{8EB10D76-EB77-4D81-8D4F-C9D08A91DD5A}.Release|Any CPU.ActiveCfg = Release|Any CPU
		{8EB10D76-EB77-4D81-8D4F-C9D08A91DD5A}.Release|Any CPU.Build.0 = Release|Any CPU
		{1E768B5F-4A80-4AB6-8280-BEFFB10411E2}.Debug|Any CPU.ActiveCfg = Debug|Any CPU
		{1E768B5F-4A80-4AB6-8280-BEFFB10411E2}.Debug|Any CPU.Build.0 = Debug|Any CPU
		{1E768B5F-4A80-4AB6-8280-BEFFB10411E2}.Release|Any CPU.ActiveCfg = Release|Any CPU
		{1E768B5F-4A80-4AB6-8280-BEFFB10411E2}.Release|Any CPU.Build.0 = Release|Any CPU
		{06FB347C-3549-480A-891C-8975FA2244F5}.Debug|Any CPU.ActiveCfg = Debug|Any CPU
		{06FB347C-3549-480A-891C-8975FA2244F5}.Debug|Any CPU.Build.0 = Debug|Any CPU
		{06FB347C-3549-480A-891C-8975FA2244F5}.Release|Any CPU.ActiveCfg = Release|Any CPU
		{06FB347C-3549-480A-891C-8975FA2244F5}.Release|Any CPU.Build.0 = Release|Any CPU
	EndGlobalSection
	GlobalSection(SolutionProperties) = preSolution
		HideSolutionNode = FALSE
	EndGlobalSection
	GlobalSection(ExtensibilityGlobals) = postSolution
		SolutionGuid = {29C43380-2BEE-4673-B7A9-92B9354C120B}
	EndGlobalSection
EndGlobal
